
Microsoft Visual Studio Solution File, Format Version 12.00
# Visual Studio Version 17
VisualStudioVersion = 17.8.34525.116
MinimumVisualStudioVersion = 10.0.40219.1
Project("{FAE04EC0-301F-11D3-BF4B-00C04F79EFBC}") = "IM_DTRPayroll", "IM_DTRPayroll\IM_DTRPayroll.csproj", "{2CD185C6-351E-4484-8151-E7257B884059}"
EndProject
Global
	GlobalSection(SolutionConfigurationPlatforms) = preSolution
		Debug|Any CPU = Debug|Any CPU
		Release|Any CPU = Release|Any CPU
	EndGlobalSection
	GlobalSection(ProjectConfigurationPlatforms) = postSolution
		{2CD185C6-351E-4484-8151-E7257B884059}.Debug|Any CPU.ActiveCfg = Debug|Any CPU
		{2CD185C6-351E-4484-8151-E7257B884059}.Debug|Any CPU.Build.0 = Debug|Any CPU
		{2CD185C6-351E-4484-8151-E7257B884059}.Release|Any CPU.ActiveCfg = Release|Any CPU
		{2CD185C6-351E-4484-8151-E7257B884059}.Release|Any CPU.Build.0 = Release|Any CPU
	EndGlobalSection
	GlobalSection(SolutionProperties) = preSolution
		HideSolutionNode = FALSE
	EndGlobalSection
	GlobalSection(ExtensibilityGlobals) = postSolution
		SolutionGuid = {795A3118-C7F8-4CB6-9B16-BFCB9877EF46}
	EndGlobalSection
EndGlobal
